
Microsoft Visual Studio Solution File, Format Version 12.00
# Visual Studio 2012
Project("{8BC9CEB8-8B4A-11D0-8D11-00A0C91BC942}") = "TestCase_3000", "TestCase_3000\TestCase_3000.vcxproj", "{BEE4258F-EEFA-46EA-BC33-779490AB8539}"
EndProject
Project("{8BC9CEB8-8B4A-11D0-8D11-00A0C91BC942}") = "TestCase_3001", "TestCase_3001\TestCase_3001.vcxproj", "{31F0369E-F4E8-48DE-9044-63B6BCF08AA6}"
EndProject
Project("{8BC9CEB8-8B4A-11D0-8D11-00A0C91BC942}") = "TestCase_3002", "TestCase_3002\TestCase_3002.vcxproj", "{74952994-95B5-42C6-99D9-E86C6B7395F7}"
EndProject
Project("{8BC9CEB8-8B4A-11D0-8D11-00A0C91BC942}") = "TestCase_3003", "TestCase_3003\TestCase_3003.vcxproj", "{EC112577-E5D9-442E-BBB3-DEB77EC138E8}"
EndProject
Project("{8BC9CEB8-8B4A-11D0-8D11-00A0C91BC942}") = "TestCase_3005A", "TestCase_3005A\TestCase_3005A.vcxproj", "{5D763343-3378-4BB3-8459-63E6B1E51B9D}"
EndProject
Project("{8BC9CEB8-8B4A-11D0-8D11-00A0C91BC942}") = "TestCase_3005B", "TestCase_3005B\TestCase_3005B.vcxproj", "{F9181CF9-6D6F-4262-870E-B33EE19C6214}"
EndProject
Project("{8BC9CEB8-8B4A-11D0-8D11-00A0C91BC942}") = "TestCase_3004", "TestCase_3004\TestCase_3004.vcxproj", "{48A0B587-98CF-4E94-8BD5-3FB20C98992C}"
EndProject
Project("{8BC9CEB8-8B4A-11D0-8D11-00A0C91BC942}") = "TestCase_3006", "TestCase_3006\TestCase_3006.vcxproj", "{48D151F0-36F3-49A8-A169-397FE5033505}"
EndProject
Global
	GlobalSection(SolutionConfigurationPlatforms) = preSolution
		Debug|Win32 = Debug|Win32
		Debug|x64 = Debug|x64
		Release|Win32 = Release|Win32
		Release|x64 = Release|x64
	EndGlobalSection
	GlobalSection(ProjectConfigurationPlatforms) = postSolution
		{BEE4258F-EEFA-46EA-BC33-779490AB8539}.Debug|Win32.ActiveCfg = Debug|Win32
		{BEE4258F-EEFA-46EA-BC33-779490AB8539}.Debug|Win32.Build.0 = Debug|Win32
		{BEE4258F-EEFA-46EA-BC33-779490AB8539}.Debug|x64.ActiveCfg = Debug|x64
		{BEE4258F-EEFA-46EA-BC33-779490AB8539}.Debug|x64.Build.0 = Debug|x64
		{BEE4258F-EEFA-46EA-BC33-779490AB8539}.Release|Win32.ActiveCfg = Release|Win32
		{BEE4258F-EEFA-46EA-BC33-779490AB8539}.Release|Win32.Build.0 = Release|Win32
		{BEE4258F-EEFA-46EA-BC33-779490AB8539}.Release|x64.ActiveCfg = Release|x64
		{BEE4258F-EEFA-46EA-BC33-779490AB8539}.Release|x64.Build.0 = Release|x64
		{31F0369E-F4E8-48DE-9044-63B6BCF08AA6}.Debug|Win32.ActiveCfg = Debug|Win32
		{31F0369E-F4E8-48DE-9044-63B6BCF08AA6}.Debug|Win32.Build.0 = Debug|Win32
		{31F0369E-F4E8-48DE-9044-63B6BCF08AA6}.Debug|x64.ActiveCfg = Debug|x64
		{31F0369E-F4E8-48DE-9044-63B6BCF08AA6}.Debug|x64.Build.0 = Debug|x64
		{31F0369E-F4E8-48DE-9044-63B6BCF08AA6}.Release|Win32.ActiveCfg = Release|Win32
		{31F0369E-F4E8-48DE-9044-63B6BCF08AA6}.Release|Win32.Build.0 = Release|Win32
		{31F0369E-F4E8-48DE-9044-63B6BCF08AA6}.Release|x64.ActiveCfg = Release|x64
		{31F0369E-F4E8-48DE-9044-63B6BCF08AA6}.Release|x64.Build.0 = Release|x64
		{74952994-95B5-42C6-99D9-E86C6B7395F7}.Debug|Win32.ActiveCfg = Debug|Win32
		{74952994-95B5-42C6-99D9-E86C6B7395F7}.Debug|Win32.Build.0 = Debug|Win32
		{74952994-95B5-42C6-99D9-E86C6B7395F7}.Debug|x64.ActiveCfg = Debug|x64
		{74952994-95B5-42C6-99D9-E86C6B7395F7}.Debug|x64.Build.0 = Debug|x64
		{74952994-95B5-42C6-99D9-E86C6B7395F7}.Release|Win32.ActiveCfg = Release|Win32
		{74952994-95B5-42C6-99D9-E86C6B7395F7}.Release|Win32.Build.0 = Release|Win32
		{74952994-95B5-42C6-99D9-E86C6B7395F7}.Release|x64.ActiveCfg = Release|x64
		{74952994-95B5-42C6-99D9-E86C6B7395F7}.Release|x64.Build.0 = Release|x64
		{EC112577-E5D9-442E-BBB3-DEB77EC138E8}.Debug|Win32.ActiveCfg = Debug|Win32
		{EC112577-E5D9-442E-BBB3-DEB77EC138E8}.Debug|Win32.Build.0 = Debug|Win32
		{EC112577-E5D9-442E-BBB3-DEB77EC138E8}.Debug|x64.ActiveCfg = Debug|x64
		{EC112577-E5D9-442E-BBB3-DEB77EC138E8}.Debug|x64.Build.0 = Debug|x64
		{EC112577-E5D9-442E-BBB3-DEB77EC138E8}.Release|Win32.ActiveCfg = Release|Win32
		{EC112577-E5D9-442E-BBB3-DEB77EC138E8}.Release|Win32.Build.0 = Release|Win32
		{EC112577-E5D9-442E-BBB3-DEB77EC138E8}.Release|x64.ActiveCfg = Release|x64
		{EC112577-E5D9-442E-BBB3-DEB77EC138E8}.Release|x64.Build.0 = Release|x64
		{5D763343-3378-4BB3-8459-63E6B1E51B9D}.Debug|Win32.ActiveCfg = Debug|Win32
		{5D763343-3378-4BB3-8459-63E6B1E51B9D}.Debug|Win32.Build.0 = Debug|Win32
		{5D763343-3378-4BB3-8459-63E6B1E51B9D}.Debug|x64.ActiveCfg = Debug|x64
		{5D763343-3378-4BB3-8459-63E6B1E51B9D}.Debug|x64.Build.0 = Debug|x64
		{5D763343-3378-4BB3-8459-63E6B1E51B9D}.Release|Win32.ActiveCfg = Release|Win32
		{5D763343-3378-4BB3-8459-63E6B1E51B9D}.Release|Win32.Build.0 = Release|Win32
		{5D763343-3378-4BB3-8459-63E6B1E51B9D}.Release|x64.ActiveCfg = Release|x64
		{5D763343-3378-4BB3-8459-63E6B1E51B9D}.Release|x64.Build.0 = Release|x64
		{F9181CF9-6D6F-4262-870E-B33EE19C6214}.Debug|Win32.ActiveCfg = Debug|Win32
		{F9181CF9-6D6F-4262-870E-B33EE19C6214}.Debug|Win32.Build.0 = Debug|Win32
		{F9181CF9-6D6F-4262-870E-B33EE19C6214}.Debug|x64.ActiveCfg = Debug|x64
		{F9181CF9-6D6F-4262-870E-B33EE19C6214}.Debug|x64.Build.0 = Debug|x64
		{F9181CF9-6D6F-4262-870E-B33EE19C6214}.Release|Win32.ActiveCfg = Release|Win32
		{F9181CF9-6D6F-4262-870E-B33EE19C6214}.Release|Win32.Build.0 = Release|Win32
		{F9181CF9-6D6F-4262-870E-B33EE19C6214}.Release|x64.ActiveCfg = Release|x64
		{F9181CF9-6D6F-4262-870E-B33EE19C6214}.Release|x64.Build.0 = Release|x64
		{48A0B587-98CF-4E94-8BD5-3FB20C98992C}.Debug|Win32.ActiveCfg = Debug|Win32
		{48A0B587-98CF-4E94-8BD5-3FB20C98992C}.Debug|Win32.Build.0 = Debug|Win32
		{48A0B587-98CF-4E94-8BD5-3FB20C98992C}.Debug|x64.ActiveCfg = Debug|x64
		{48A0B587-98CF-4E94-8BD5-3FB20C98992C}.Debug|x64.Build.0 = Debug|x64
		{48A0B587-98CF-4E94-8BD5-3FB20C98992C}.Release|Win32.ActiveCfg = Release|Win32
		{48A0B587-98CF-4E94-8BD5-3FB20C98992C}.Release|Win32.Build.0 = Release|Win32
		{48A0B587-98CF-4E94-8BD5-3FB20C98992C}.Release|x64.ActiveCfg = Release|x64
		{48A0B587-98CF-4E94-8BD5-3FB20C98992C}.Release|x64.Build.0 = Release|x64
		{48D151F0-36F3-49A8-A169-397FE5033505}.Debug|Win32.ActiveCfg = Debug|Win32
		{48D151F0-36F3-49A8-A169-397FE5033505}.Debug|Win32.Build.0 = Debug|Win32
		{48D151F0-36F3-49A8-A169-397FE5033505}.Debug|x64.ActiveCfg = Debug|x64
		{48D151F0-36F3-49A8-A169-397FE5033505}.Debug|x64.Build.0 = Debug|x64
		{48D151F0-36F3-49A8-A169-397FE5033505}.Release|Win32.ActiveCfg = Release|Win32
		{48D151F0-36F3-49A8-A169-397FE5033505}.Release|Win32.Build.0 = Release|Win32
		{48D151F0-36F3-49A8-A169-397FE5033505}.Release|x64.ActiveCfg = Release|x64
		{48D151F0-36F3-49A8-A169-397FE5033505}.Release|x64.Build.0 = Release|x64
	EndGlobalSection
	GlobalSection(SolutionProperties) = preSolution
		HideSolutionNode = FALSE
	EndGlobalSection
	GlobalSection(DPCodeReviewSolutionGUID) = preSolution
		DPCodeReviewSolutionGUID = {00000000-0000-0000-0000-000000000000}
	EndGlobalSection
EndGlobal
